
Microsoft Visual Studio Solution File, Format Version 9.00
# Visual Studio 2005
Project("{FAE04EC0-301F-11D3-BF4B-00C04F79EFBC}") = "NTICS_LIB", "NTICS_LIB.csproj", "{B69F039F-E37D-4C91-B50D-8A93D1062D0E}"
EndProject
Project("{FAE04EC0-301F-11D3-BF4B-00C04F79EFBC}") = "NTICS_KEY_MANAGER", "NTICS_KEY_MANAGER\NTICS_KEY_MANAGER.csproj", "{01A3920D-FE8D-4729-AD99-767784219E9A}"
EndProject
Global
	GlobalSection(SolutionConfigurationPlatforms) = preSolution
		Debug|Any CPU = Debug|Any CPU
		Release|Any CPU = Release|Any CPU
	EndGlobalSection
	GlobalSection(ProjectConfigurationPlatforms) = postSolution
		{B69F039F-E37D-4C91-B50D-8A93D1062D0E}.Debug|Any CPU.ActiveCfg = Debug|Any CPU
		{B69F039F-E37D-4C91-B50D-8A93D1062D0E}.Debug|Any CPU.Build.0 = Debug|Any CPU
		{B69F039F-E37D-4C91-B50D-8A93D1062D0E}.Release|Any CPU.ActiveCfg = Release|Any CPU
		{B69F039F-E37D-4C91-B50D-8A93D1062D0E}.Release|Any CPU.Build.0 = Release|Any CPU
		{01A3920D-FE8D-4729-AD99-767784219E9A}.Debug|Any CPU.ActiveCfg = Debug|Any CPU
		{01A3920D-FE8D-4729-AD99-767784219E9A}.Debug|Any CPU.Build.0 = Debug|Any CPU
		{01A3920D-FE8D-4729-AD99-767784219E9A}.Release|Any CPU.ActiveCfg = Release|Any CPU
		{01A3920D-FE8D-4729-AD99-767784219E9A}.Release|Any CPU.Build.0 = Release|Any CPU
	EndGlobalSection
	GlobalSection(SolutionProperties) = preSolution
		HideSolutionNode = FALSE
	EndGlobalSection
EndGlobal
